
Microsoft Visual Studio Solution File, Format Version 12.00
# Visual Studio 2012
Project("{FAE04EC0-301F-11D3-BF4B-00C04F79EFBC}") = "NearableTest", "NearableTest\NearableTest.csproj", "{2B8503D3-A0BD-493F-8EC9-57F968142354}"
EndProject
Global
	GlobalSection(SolutionConfigurationPlatforms) = preSolution
		Debug|iPhoneSimulator = Debug|iPhoneSimulator
		Release|iPhone = Release|iPhone
		Release|iPhoneSimulator = Release|iPhoneSimulator
		Debug|iPhone = Debug|iPhone
	EndGlobalSection
	GlobalSection(ProjectConfigurationPlatforms) = postSolution
		{2B8503D3-A0BD-493F-8EC9-57F968142354}.Debug|iPhoneSimulator.ActiveCfg = Debug|iPhoneSimulator
		{2B8503D3-A0BD-493F-8EC9-57F968142354}.Debug|iPhoneSimulator.Build.0 = Debug|iPhoneSimulator
		{2B8503D3-A0BD-493F-8EC9-57F968142354}.Release|iPhone.ActiveCfg = Release|iPhone
		{2B8503D3-A0BD-493F-8EC9-57F968142354}.Release|iPhone.Build.0 = Release|iPhone
		{2B8503D3-A0BD-493F-8EC9-57F968142354}.Release|iPhoneSimulator.ActiveCfg = Release|iPhoneSimulator
		{2B8503D3-A0BD-493F-8EC9-57F968142354}.Release|iPhoneSimulator.Build.0 = Release|iPhoneSimulator
		{2B8503D3-A0BD-493F-8EC9-57F968142354}.Debug|iPhone.ActiveCfg = Debug|iPhone
		{2B8503D3-A0BD-493F-8EC9-57F968142354}.Debug|iPhone.Build.0 = Debug|iPhone
	EndGlobalSection
EndGlobal
